
Microsoft Visual Studio Solution File, Format Version 12.00
# Visual Studio Version 16
VisualStudioVersion = 16.0.30804.86
MinimumVisualStudioVersion = 10.0.40219.1
Project("{9A19103F-16F7-4668-BE54-9A1E7A4F7556}") = "EazyNotesAPI", "EazyNotesAPI\EazyNotesAPI.csproj", "{FA4E39D7-1368-488D-B57B-781E12B268E4}"
EndProject
Project("{9A19103F-16F7-4668-BE54-9A1E7A4F7556}") = "EazyNotesAPI.Library", "EazyNotesAPI.Library\EazyNotesAPI.Library.csproj", "{F1D3EF45-DB17-4AED-9E8C-D94CB83DD880}"
EndProject
Project("{9A19103F-16F7-4668-BE54-9A1E7A4F7556}") = "EazyNotesDesktop.Library", "EazyNotesDesktop.Library\EazyNotesDesktop.Library.csproj", "{002FCC84-F960-4821-BA92-DCB676F6B67C}"
EndProject
Project("{9A19103F-16F7-4668-BE54-9A1E7A4F7556}") = "EazyNotesDesktop", "EazyNotesDesktop\EazyNotesDesktop.csproj", "{ECEAD463-944E-4EF7-B8E1-47C0D07855EE}"
EndProject
Project("{9A19103F-16F7-4668-BE54-9A1E7A4F7556}") = "EazyNotes.CryptoServices", "EazyNotes.CryptoServices\EazyNotes.CryptoServices.csproj", "{5139D55F-7A26-41F9-9173-B98C5464FC1C}"
EndProject
Project("{9A19103F-16F7-4668-BE54-9A1E7A4F7556}") = "EazyNotes.Language", "EazyNotes.Language\EazyNotes.Language.csproj", "{811AE0AF-0DC0-4E7E-82ED-14079E04475B}"
EndProject
Project("{C7167F0D-BC9F-4E6E-AFE1-012C56B48DB5}") = "EazyNotes.Packager", "EazyNotes.Packager\EazyNotes.Packager.wapproj", "{175B839E-6D04-482E-9214-5EC9658191CE}"
EndProject
Project("{9A19103F-16F7-4668-BE54-9A1E7A4F7556}") = "EazyNotes.Test", "EazyNotes.Test\EazyNotes.Test.csproj", "{8B420B40-F22E-47C2-A20B-1582DDA0524D}"
EndProject
Project("{9A19103F-16F7-4668-BE54-9A1E7A4F7556}") = "EazyNotes.Models", "EazyNotes.Models\EazyNotes.Models.csproj", "{F25F315D-5A09-4CBD-843B-8FA678A864E9}"
EndProject
Project("{9A19103F-16F7-4668-BE54-9A1E7A4F7556}") = "EazyNotes.Common", "EazyNotes.Common\EazyNotes.Common.csproj", "{E7B0B3C7-95F0-48A4-BDB8-4A0CF8262A85}"
EndProject
Global
	GlobalSection(SolutionConfigurationPlatforms) = preSolution
		Debug|Any CPU = Debug|Any CPU
		Debug|ARM = Debug|ARM
		Debug|ARM64 = Debug|ARM64
		Debug|x64 = Debug|x64
		Debug|x86 = Debug|x86
		Release|Any CPU = Release|Any CPU
		Release|ARM = Release|ARM
		Release|ARM64 = Release|ARM64
		Release|x64 = Release|x64
		Release|x86 = Release|x86
	EndGlobalSection
	GlobalSection(ProjectConfigurationPlatforms) = postSolution
		{FA4E39D7-1368-488D-B57B-781E12B268E4}.Debug|Any CPU.ActiveCfg = Debug|Any CPU
		{FA4E39D7-1368-488D-B57B-781E12B268E4}.Debug|ARM.ActiveCfg = Debug|Any CPU
		{FA4E39D7-1368-488D-B57B-781E12B268E4}.Debug|ARM.Build.0 = Debug|Any CPU
		{FA4E39D7-1368-488D-B57B-781E12B268E4}.Debug|ARM64.ActiveCfg = Release|Any CPU
		{FA4E39D7-1368-488D-B57B-781E12B268E4}.Debug|ARM64.Build.0 = Release|Any CPU
		{FA4E39D7-1368-488D-B57B-781E12B268E4}.Debug|x64.ActiveCfg = Debug|x64
		{FA4E39D7-1368-488D-B57B-781E12B268E4}.Debug|x64.Build.0 = Debug|x64
		{FA4E39D7-1368-488D-B57B-781E12B268E4}.Debug|x86.ActiveCfg = Debug|x86
		{FA4E39D7-1368-488D-B57B-781E12B268E4}.Debug|x86.Build.0 = Debug|x86
		{FA4E39D7-1368-488D-B57B-781E12B268E4}.Release|Any CPU.ActiveCfg = Release|Any CPU
		{FA4E39D7-1368-488D-B57B-781E12B268E4}.Release|Any CPU.Build.0 = Release|Any CPU
		{FA4E39D7-1368-488D-B57B-781E12B268E4}.Release|ARM.ActiveCfg = Release|Any CPU
		{FA4E39D7-1368-488D-B57B-781E12B268E4}.Release|ARM.Build.0 = Release|Any CPU
		{FA4E39D7-1368-488D-B57B-781E12B268E4}.Release|ARM64.ActiveCfg = Release|Any CPU
		{FA4E39D7-1368-488D-B57B-781E12B268E4}.Release|ARM64.Build.0 = Release|Any CPU
		{FA4E39D7-1368-488D-B57B-781E12B268E4}.Release|x64.ActiveCfg = Release|x64
		{FA4E39D7-1368-488D-B57B-781E12B268E4}.Release|x64.Build.0 = Release|x64
		{FA4E39D7-1368-488D-B57B-781E12B268E4}.Release|x86.ActiveCfg = Release|x86
		{FA4E39D7-1368-488D-B57B-781E12B268E4}.Release|x86.Build.0 = Release|x86
		{F1D3EF45-DB17-4AED-9E8C-D94CB83DD880}.Debug|Any CPU.ActiveCfg = Debug|Any CPU
		{F1D3EF45-DB17-4AED-9E8C-D94CB83DD880}.Debug|ARM.ActiveCfg = Debug|Any CPU
		{F1D3EF45-DB17-4AED-9E8C-D94CB83DD880}.Debug|ARM.Build.0 = Debug|Any CPU
		{F1D3EF45-DB17-4AED-9E8C-D94CB83DD880}.Debug|ARM64.ActiveCfg = Release|Any CPU
		{F1D3EF45-DB17-4AED-9E8C-D94CB83DD880}.Debug|ARM64.Build.0 = Release|Any CPU
		{F1D3EF45-DB17-4AED-9E8C-D94CB83DD880}.Debug|x64.ActiveCfg = Debug|x64
		{F1D3EF45-DB17-4AED-9E8C-D94CB83DD880}.Debug|x64.Build.0 = Debug|x64
		{F1D3EF45-DB17-4AED-9E8C-D94CB83DD880}.Debug|x86.ActiveCfg = Debug|x86
		{F1D3EF45-DB17-4AED-9E8C-D94CB83DD880}.Debug|x86.Build.0 = Debug|x86
		{F1D3EF45-DB17-4AED-9E8C-D94CB83DD880}.Release|Any CPU.ActiveCfg = Release|Any CPU
		{F1D3EF45-DB17-4AED-9E8C-D94CB83DD880}.Release|Any CPU.Build.0 = Release|Any CPU
		{F1D3EF45-DB17-4AED-9E8C-D94CB83DD880}.Release|ARM.ActiveCfg = Release|Any CPU
		{F1D3EF45-DB17-4AED-9E8C-D94CB83DD880}.Release|ARM.Build.0 = Release|Any CPU
		{F1D3EF45-DB17-4AED-9E8C-D94CB83DD880}.Release|ARM64.ActiveCfg = Release|Any CPU
		{F1D3EF45-DB17-4AED-9E8C-D94CB83DD880}.Release|ARM64.Build.0 = Release|Any CPU
		{F1D3EF45-DB17-4AED-9E8C-D94CB83DD880}.Release|x64.ActiveCfg = Release|x64
		{F1D3EF45-DB17-4AED-9E8C-D94CB83DD880}.Release|x64.Build.0 = Release|x64
		{F1D3EF45-DB17-4AED-9E8C-D94CB83DD880}.Release|x86.ActiveCfg = Release|x86
		{F1D3EF45-DB17-4AED-9E8C-D94CB83DD880}.Release|x86.Build.0 = Release|x86
		{002FCC84-F960-4821-BA92-DCB676F6B67C}.Debug|Any CPU.ActiveCfg = Debug|Any CPU
		{002FCC84-F960-4821-BA92-DCB676F6B67C}.Debug|Any CPU.Build.0 = Debug|Any CPU
		{002FCC84-F960-4821-BA92-DCB676F6B67C}.Debug|ARM.ActiveCfg = Debug|Any CPU
		{002FCC84-F960-4821-BA92-DCB676F6B67C}.Debug|ARM.Build.0 = Debug|Any CPU
		{002FCC84-F960-4821-BA92-DCB676F6B67C}.Debug|ARM64.ActiveCfg = Release|Any CPU
		{002FCC84-F960-4821-BA92-DCB676F6B67C}.Debug|ARM64.Build.0 = Release|Any CPU
		{002FCC84-F960-4821-BA92-DCB676F6B67C}.Debug|x64.ActiveCfg = Debug|x64
		{002FCC84-F960-4821-BA92-DCB676F6B67C}.Debug|x64.Build.0 = Debug|x64
		{002FCC84-F960-4821-BA92-DCB676F6B67C}.Debug|x86.ActiveCfg = Debug|x86
		{002FCC84-F960-4821-BA92-DCB676F6B67C}.Debug|x86.Build.0 = Debug|x86
		{002FCC84-F960-4821-BA92-DCB676F6B67C}.Release|Any CPU.ActiveCfg = Release|Any CPU
		{002FCC84-F960-4821-BA92-DCB676F6B67C}.Release|Any CPU.Build.0 = Release|Any CPU
		{002FCC84-F960-4821-BA92-DCB676F6B67C}.Release|ARM.ActiveCfg = Release|Any CPU
		{002FCC84-F960-4821-BA92-DCB676F6B67C}.Release|ARM.Build.0 = Release|Any CPU
		{002FCC84-F960-4821-BA92-DCB676F6B67C}.Release|ARM64.ActiveCfg = Release|Any CPU
		{002FCC84-F960-4821-BA92-DCB676F6B67C}.Release|ARM64.Build.0 = Release|Any CPU
		{002FCC84-F960-4821-BA92-DCB676F6B67C}.Release|x64.ActiveCfg = Release|x64
		{002FCC84-F960-4821-BA92-DCB676F6B67C}.Release|x64.Build.0 = Release|x64
		{002FCC84-F960-4821-BA92-DCB676F6B67C}.Release|x86.ActiveCfg = Release|x86
		{002FCC84-F960-4821-BA92-DCB676F6B67C}.Release|x86.Build.0 = Release|x86
		{ECEAD463-944E-4EF7-B8E1-47C0D07855EE}.Debug|Any CPU.ActiveCfg = Release|x64
		{ECEAD463-944E-4EF7-B8E1-47C0D07855EE}.Debug|Any CPU.Build.0 = Release|x64
		{ECEAD463-944E-4EF7-B8E1-47C0D07855EE}.Debug|ARM.ActiveCfg = Debug|Any CPU
		{ECEAD463-944E-4EF7-B8E1-47C0D07855EE}.Debug|ARM.Build.0 = Debug|Any CPU
		{ECEAD463-944E-4EF7-B8E1-47C0D07855EE}.Debug|ARM64.ActiveCfg = Release|Any CPU
		{ECEAD463-944E-4EF7-B8E1-47C0D07855EE}.Debug|ARM64.Build.0 = Release|Any CPU
		{ECEAD463-944E-4EF7-B8E1-47C0D07855EE}.Debug|x64.ActiveCfg = Debug|x64
		{ECEAD463-944E-4EF7-B8E1-47C0D07855EE}.Debug|x64.Build.0 = Debug|x64
		{ECEAD463-944E-4EF7-B8E1-47C0D07855EE}.Debug|x86.ActiveCfg = Debug|x64
		{ECEAD463-944E-4EF7-B8E1-47C0D07855EE}.Debug|x86.Build.0 = Debug|x64
		{ECEAD463-944E-4EF7-B8E1-47C0D07855EE}.Release|Any CPU.ActiveCfg = Release|Any CPU
		{ECEAD463-944E-4EF7-B8E1-47C0D07855EE}.Release|Any CPU.Build.0 = Release|Any CPU
		{ECEAD463-944E-4EF7-B8E1-47C0D07855EE}.Release|ARM.ActiveCfg = Release|Any CPU
		{ECEAD463-944E-4EF7-B8E1-47C0D07855EE}.Release|ARM.Build.0 = Release|Any CPU
		{ECEAD463-944E-4EF7-B8E1-47C0D07855EE}.Release|ARM64.ActiveCfg = Release|Any CPU
		{ECEAD463-944E-4EF7-B8E1-47C0D07855EE}.Release|ARM64.Build.0 = Release|Any CPU
		{ECEAD463-944E-4EF7-B8E1-47C0D07855EE}.Release|x64.ActiveCfg = Release|x64
		{ECEAD463-944E-4EF7-B8E1-47C0D07855EE}.Release|x64.Build.0 = Release|x64
		{ECEAD463-944E-4EF7-B8E1-47C0D07855EE}.Release|x86.ActiveCfg = Release|x86
		{ECEAD463-944E-4EF7-B8E1-47C0D07855EE}.Release|x86.Build.0 = Release|x86
		{5139D55F-7A26-41F9-9173-B98C5464FC1C}.Debug|Any CPU.ActiveCfg = Debug|Any CPU
		{5139D55F-7A26-41F9-9173-B98C5464FC1C}.Debug|ARM.ActiveCfg = Debug|Any CPU
		{5139D55F-7A26-41F9-9173-B98C5464FC1C}.Debug|ARM.Build.0 = Debug|Any CPU
		{5139D55F-7A26-41F9-9173-B98C5464FC1C}.Debug|ARM64.ActiveCfg = Release|Any CPU
		{5139D55F-7A26-41F9-9173-B98C5464FC1C}.Debug|ARM64.Build.0 = Release|Any CPU
		{5139D55F-7A26-41F9-9173-B98C5464FC1C}.Debug|x64.ActiveCfg = Debug|x64
		{5139D55F-7A26-41F9-9173-B98C5464FC1C}.Debug|x86.ActiveCfg = Debug|x86
		{5139D55F-7A26-41F9-9173-B98C5464FC1C}.Debug|x86.Build.0 = Debug|x86
		{5139D55F-7A26-41F9-9173-B98C5464FC1C}.Release|Any CPU.ActiveCfg = Release|Any CPU
		{5139D55F-7A26-41F9-9173-B98C5464FC1C}.Release|Any CPU.Build.0 = Release|Any CPU
		{5139D55F-7A26-41F9-9173-B98C5464FC1C}.Release|ARM.ActiveCfg = Release|Any CPU
		{5139D55F-7A26-41F9-9173-B98C5464FC1C}.Release|ARM.Build.0 = Release|Any CPU
		{5139D55F-7A26-41F9-9173-B98C5464FC1C}.Release|ARM64.ActiveCfg = Release|Any CPU
		{5139D55F-7A26-41F9-9173-B98C5464FC1C}.Release|ARM64.Build.0 = Release|Any CPU
		{5139D55F-7A26-41F9-9173-B98C5464FC1C}.Release|x64.ActiveCfg = Release|x64
		{5139D55F-7A26-41F9-9173-B98C5464FC1C}.Release|x64.Build.0 = Release|x64
		{5139D55F-7A26-41F9-9173-B98C5464FC1C}.Release|x86.ActiveCfg = Release|x86
		{5139D55F-7A26-41F9-9173-B98C5464FC1C}.Release|x86.Build.0 = Release|x86
		{811AE0AF-0DC0-4E7E-82ED-14079E04475B}.Debug|Any CPU.ActiveCfg = Debug|Any CPU
		{811AE0AF-0DC0-4E7E-82ED-14079E04475B}.Debug|ARM.ActiveCfg = Debug|Any CPU
		{811AE0AF-0DC0-4E7E-82ED-14079E04475B}.Debug|ARM.Build.0 = Debug|Any CPU
		{811AE0AF-0DC0-4E7E-82ED-14079E04475B}.Debug|ARM64.ActiveCfg = Release|Any CPU
		{811AE0AF-0DC0-4E7E-82ED-14079E04475B}.Debug|ARM64.Build.0 = Release|Any CPU
		{811AE0AF-0DC0-4E7E-82ED-14079E04475B}.Debug|x64.ActiveCfg = Debug|x64
		{811AE0AF-0DC0-4E7E-82ED-14079E04475B}.Debug|x86.ActiveCfg = Debug|x86
		{811AE0AF-0DC0-4E7E-82ED-14079E04475B}.Debug|x86.Build.0 = Debug|x86
		{811AE0AF-0DC0-4E7E-82ED-14079E04475B}.Release|Any CPU.ActiveCfg = Release|Any CPU
		{811AE0AF-0DC0-4E7E-82ED-14079E04475B}.Release|Any CPU.Build.0 = Release|Any CPU
		{811AE0AF-0DC0-4E7E-82ED-14079E04475B}.Release|ARM.ActiveCfg = Release|Any CPU
		{811AE0AF-0DC0-4E7E-82ED-14079E04475B}.Release|ARM.Build.0 = Release|Any CPU
		{811AE0AF-0DC0-4E7E-82ED-14079E04475B}.Release|ARM64.ActiveCfg = Release|Any CPU
		{811AE0AF-0DC0-4E7E-82ED-14079E04475B}.Release|ARM64.Build.0 = Release|Any CPU
		{811AE0AF-0DC0-4E7E-82ED-14079E04475B}.Release|x64.ActiveCfg = Release|x64
		{811AE0AF-0DC0-4E7E-82ED-14079E04475B}.Release|x64.Build.0 = Release|x64
		{811AE0AF-0DC0-4E7E-82ED-14079E04475B}.Release|x86.ActiveCfg = Release|x86
		{811AE0AF-0DC0-4E7E-82ED-14079E04475B}.Release|x86.Build.0 = Release|x86
		{175B839E-6D04-482E-9214-5EC9658191CE}.Debug|Any CPU.ActiveCfg = Release|x64
		{175B839E-6D04-482E-9214-5EC9658191CE}.Debug|ARM.ActiveCfg = Debug|ARM
		{175B839E-6D04-482E-9214-5EC9658191CE}.Debug|ARM.Build.0 = Debug|ARM
		{175B839E-6D04-482E-9214-5EC9658191CE}.Debug|ARM.Deploy.0 = Debug|ARM
		{175B839E-6D04-482E-9214-5EC9658191CE}.Debug|ARM64.ActiveCfg = Release|ARM64
		{175B839E-6D04-482E-9214-5EC9658191CE}.Debug|ARM64.Build.0 = Release|ARM64
		{175B839E-6D04-482E-9214-5EC9658191CE}.Debug|ARM64.Deploy.0 = Release|ARM64
		{175B839E-6D04-482E-9214-5EC9658191CE}.Debug|x64.ActiveCfg = Debug|x64
		{175B839E-6D04-482E-9214-5EC9658191CE}.Debug|x64.Deploy.0 = Debug|x64
		{175B839E-6D04-482E-9214-5EC9658191CE}.Debug|x86.ActiveCfg = Debug|x86
		{175B839E-6D04-482E-9214-5EC9658191CE}.Debug|x86.Build.0 = Debug|x86
		{175B839E-6D04-482E-9214-5EC9658191CE}.Debug|x86.Deploy.0 = Debug|x86
		{175B839E-6D04-482E-9214-5EC9658191CE}.Release|Any CPU.ActiveCfg = Release|Any CPU
		{175B839E-6D04-482E-9214-5EC9658191CE}.Release|Any CPU.Build.0 = Release|Any CPU
		{175B839E-6D04-482E-9214-5EC9658191CE}.Release|Any CPU.Deploy.0 = Release|Any CPU
		{175B839E-6D04-482E-9214-5EC9658191CE}.Release|ARM.ActiveCfg = Release|ARM
		{175B839E-6D04-482E-9214-5EC9658191CE}.Release|ARM.Build.0 = Release|ARM
		{175B839E-6D04-482E-9214-5EC9658191CE}.Release|ARM.Deploy.0 = Release|ARM
		{175B839E-6D04-482E-9214-5EC9658191CE}.Release|ARM64.ActiveCfg = Release|ARM64
		{175B839E-6D04-482E-9214-5EC9658191CE}.Release|ARM64.Build.0 = Release|ARM64
		{175B839E-6D04-482E-9214-5EC9658191CE}.Release|ARM64.Deploy.0 = Release|ARM64
		{175B839E-6D04-482E-9214-5EC9658191CE}.Release|x64.ActiveCfg = Release|x64
		{175B839E-6D04-482E-9214-5EC9658191CE}.Release|x64.Build.0 = Release|x64
		{175B839E-6D04-482E-9214-5EC9658191CE}.Release|x64.Deploy.0 = Release|x64
		{175B839E-6D04-482E-9214-5EC9658191CE}.Release|x86.ActiveCfg = Release|x86
		{175B839E-6D04-482E-9214-5EC9658191CE}.Release|x86.Build.0 = Release|x86
		{175B839E-6D04-482E-9214-5EC9658191CE}.Release|x86.Deploy.0 = Release|x86
		{8B420B40-F22E-47C2-A20B-1582DDA0524D}.Debug|Any CPU.ActiveCfg = Debug|Any CPU
		{8B420B40-F22E-47C2-A20B-1582DDA0524D}.Debug|Any CPU.Build.0 = Debug|Any CPU
		{8B420B40-F22E-47C2-A20B-1582DDA0524D}.Debug|ARM.ActiveCfg = Debug|Any CPU
		{8B420B40-F22E-47C2-A20B-1582DDA0524D}.Debug|ARM.Build.0 = Debug|Any CPU
		{8B420B40-F22E-47C2-A20B-1582DDA0524D}.Debug|ARM64.ActiveCfg = Debug|Any CPU
		{8B420B40-F22E-47C2-A20B-1582DDA0524D}.Debug|ARM64.Build.0 = Debug|Any CPU
		{8B420B40-F22E-47C2-A20B-1582DDA0524D}.Debug|x64.ActiveCfg = Debug|x64
		{8B420B40-F22E-47C2-A20B-1582DDA0524D}.Debug|x86.ActiveCfg = Debug|x86
		{8B420B40-F22E-47C2-A20B-1582DDA0524D}.Debug|x86.Build.0 = Debug|x86
		{8B420B40-F22E-47C2-A20B-1582DDA0524D}.Release|Any CPU.ActiveCfg = Release|Any CPU
		{8B420B40-F22E-47C2-A20B-1582DDA0524D}.Release|Any CPU.Build.0 = Release|Any CPU
		{8B420B40-F22E-47C2-A20B-1582DDA0524D}.Release|ARM.ActiveCfg = Release|Any CPU
		{8B420B40-F22E-47C2-A20B-1582DDA0524D}.Release|ARM.Build.0 = Release|Any CPU
		{8B420B40-F22E-47C2-A20B-1582DDA0524D}.Release|ARM64.ActiveCfg = Release|Any CPU
		{8B420B40-F22E-47C2-A20B-1582DDA0524D}.Release|ARM64.Build.0 = Release|Any CPU
		{8B420B40-F22E-47C2-A20B-1582DDA0524D}.Release|x64.ActiveCfg = Release|x64
		{8B420B40-F22E-47C2-A20B-1582DDA0524D}.Release|x64.Build.0 = Release|x64
		{8B420B40-F22E-47C2-A20B-1582DDA0524D}.Release|x86.ActiveCfg = Release|x86
		{8B420B40-F22E-47C2-A20B-1582DDA0524D}.Release|x86.Build.0 = Release|x86
		{F25F315D-5A09-4CBD-843B-8FA678A864E9}.Debug|Any CPU.ActiveCfg = Debug|Any CPU
		{F25F315D-5A09-4CBD-843B-8FA678A864E9}.Debug|Any CPU.Build.0 = Debug|Any CPU
		{F25F315D-5A09-4CBD-843B-8FA678A864E9}.Debug|ARM.ActiveCfg = Debug|Any CPU
		{F25F315D-5A09-4CBD-843B-8FA678A864E9}.Debug|ARM.Build.0 = Debug|Any CPU
		{F25F315D-5A09-4CBD-843B-8FA678A864E9}.Debug|ARM64.ActiveCfg = Debug|Any CPU
		{F25F315D-5A09-4CBD-843B-8FA678A864E9}.Debug|ARM64.Build.0 = Debug|Any CPU
		{F25F315D-5A09-4CBD-843B-8FA678A864E9}.Debug|x64.ActiveCfg = Debug|Any CPU
		{F25F315D-5A09-4CBD-843B-8FA678A864E9}.Debug|x64.Build.0 = Debug|Any CPU
		{F25F315D-5A09-4CBD-843B-8FA678A864E9}.Debug|x86.ActiveCfg = Debug|Any CPU
		{F25F315D-5A09-4CBD-843B-8FA678A864E9}.Debug|x86.Build.0 = Debug|Any CPU
		{F25F315D-5A09-4CBD-843B-8FA678A864E9}.Release|Any CPU.ActiveCfg = Release|Any CPU
		{F25F315D-5A09-4CBD-843B-8FA678A864E9}.Release|Any CPU.Build.0 = Release|Any CPU
		{F25F315D-5A09-4CBD-843B-8FA678A864E9}.Release|ARM.ActiveCfg = Release|Any CPU
		{F25F315D-5A09-4CBD-843B-8FA678A864E9}.Release|ARM.Build.0 = Release|Any CPU
		{F25F315D-5A09-4CBD-843B-8FA678A864E9}.Release|ARM64.ActiveCfg = Release|Any CPU
		{F25F315D-5A09-4CBD-843B-8FA678A864E9}.Release|ARM64.Build.0 = Release|Any CPU
		{F25F315D-5A09-4CBD-843B-8FA678A864E9}.Release|x64.ActiveCfg = Release|Any CPU
		{F25F315D-5A09-4CBD-843B-8FA678A864E9}.Release|x64.Build.0 = Release|Any CPU
		{F25F315D-5A09-4CBD-843B-8FA678A864E9}.Release|x86.ActiveCfg = Release|Any CPU
		{F25F315D-5A09-4CBD-843B-8FA678A864E9}.Release|x86.Build.0 = Release|Any CPU
		{E7B0B3C7-95F0-48A4-BDB8-4A0CF8262A85}.Debug|Any CPU.ActiveCfg = Debug|Any CPU
		{E7B0B3C7-95F0-48A4-BDB8-4A0CF8262A85}.Debug|Any CPU.Build.0 = Debug|Any CPU
		{E7B0B3C7-95F0-48A4-BDB8-4A0CF8262A85}.Debug|ARM.ActiveCfg = Debug|Any CPU
		{E7B0B3C7-95F0-48A4-BDB8-4A0CF8262A85}.Debug|ARM.Build.0 = Debug|Any CPU
		{E7B0B3C7-95F0-48A4-BDB8-4A0CF8262A85}.Debug|ARM64.ActiveCfg = Debug|Any CPU
		{E7B0B3C7-95F0-48A4-BDB8-4A0CF8262A85}.Debug|ARM64.Build.0 = Debug|Any CPU
		{E7B0B3C7-95F0-48A4-BDB8-4A0CF8262A85}.Debug|x64.ActiveCfg = Debug|Any CPU
		{E7B0B3C7-95F0-48A4-BDB8-4A0CF8262A85}.Debug|x64.Build.0 = Debug|Any CPU
		{E7B0B3C7-95F0-48A4-BDB8-4A0CF8262A85}.Debug|x86.ActiveCfg = Debug|Any CPU
		{E7B0B3C7-95F0-48A4-BDB8-4A0CF8262A85}.Debug|x86.Build.0 = Debug|Any CPU
		{E7B0B3C7-95F0-48A4-BDB8-4A0CF8262A85}.Release|Any CPU.ActiveCfg = Release|Any CPU
		{E7B0B3C7-95F0-48A4-BDB8-4A0CF8262A85}.Release|Any CPU.Build.0 = Release|Any CPU
		{E7B0B3C7-95F0-48A4-BDB8-4A0CF8262A85}.Release|ARM.ActiveCfg = Release|Any CPU
		{E7B0B3C7-95F0-48A4-BDB8-4A0CF8262A85}.Release|ARM.Build.0 = Release|Any CPU
		{E7B0B3C7-95F0-48A4-BDB8-4A0CF8262A85}.Release|ARM64.ActiveCfg = Release|Any CPU
		{E7B0B3C7-95F0-48A4-BDB8-4A0CF8262A85}.Release|ARM64.Build.0 = Release|Any CPU
		{E7B0B3C7-95F0-48A4-BDB8-4A0CF8262A85}.Release|x64.ActiveCfg = Release|Any CPU
		{E7B0B3C7-95F0-48A4-BDB8-4A0CF8262A85}.Release|x64.Build.0 = Release|Any CPU
		{E7B0B3C7-95F0-48A4-BDB8-4A0CF8262A85}.Release|x86.ActiveCfg = Release|Any CPU
		{E7B0B3C7-95F0-48A4-BDB8-4A0CF8262A85}.Release|x86.Build.0 = Release|Any CPU
	EndGlobalSection
	GlobalSection(SolutionProperties) = preSolution
		HideSolutionNode = FALSE
	EndGlobalSection
	GlobalSection(ExtensibilityGlobals) = postSolution
		SolutionGuid = {23CFE92F-14B2-4B71-B46C-7209B7B8CDDC}
	EndGlobalSection
EndGlobal
